
Microsoft Visual Studio Solution File, Format Version 12.00
# Visual Studio Version 17
VisualStudioVersion = 17.4.33205.214
MinimumVisualStudioVersion = 10.0.40219.1
Project("{FAE04EC0-301F-11D3-BF4B-00C04F79EFBC}") = "Static, Extention homework", "Static, Extention homework\Static, Extention homework.csproj", "{232B5FD0-4E35-41A5-8E54-50168D1E4646}"
EndProject
Global
	GlobalSection(SolutionConfigurationPlatforms) = preSolution
		Debug|Any CPU = Debug|Any CPU
		Release|Any CPU = Release|Any CPU
	EndGlobalSection
	GlobalSection(ProjectConfigurationPlatforms) = postSolution
		{232B5FD0-4E35-41A5-8E54-50168D1E4646}.Debug|Any CPU.ActiveCfg = Debug|Any CPU
		{232B5FD0-4E35-41A5-8E54-50168D1E4646}.Debug|Any CPU.Build.0 = Debug|Any CPU
		{232B5FD0-4E35-41A5-8E54-50168D1E4646}.Release|Any CPU.ActiveCfg = Release|Any CPU
		{232B5FD0-4E35-41A5-8E54-50168D1E4646}.Release|Any CPU.Build.0 = Release|Any CPU
	EndGlobalSection
	GlobalSection(SolutionProperties) = preSolution
		HideSolutionNode = FALSE
	EndGlobalSection
	GlobalSection(ExtensibilityGlobals) = postSolution
		SolutionGuid = {95FEB8F1-7C2B-476E-8C2E-9790C14295D9}
	EndGlobalSection
EndGlobal
